{
  "name": "deckstone",
  "version": "1.0.0",
  "lockfileVersion": 1,
  "requires": true,
  "dependencies": {
    "deckstrings": {
      "version": "2.0.0",
      "resolved": "http://registry.npmjs.org/deckstrings/-/deckstrings-2.0.0.tgz",
      "integrity": "sha512-y3gixkaYcW87Hkrfqr9FltRpMhNf5Bh22MNkKNubTlbbAT1gf500ZbIF63AX6h5wRhGdYWiab8CkSTza5Pk2Nw=="
    }
  }
}
